// !$*UTF8*$!
{
	archiveVersion = 1;
	classes = {
	};
	objectVersion = 56;
	objects = {

/* Begin PBXBuildFile section */
		A102819328E478E700E79279 /* FeedCaseStudy.framework in Frameworks */ = {isa = PBXBuildFile; fileRef = A102818A28E478E700E79279 /* FeedCaseStudy.framework */; };
		A102819928E478E700E79279 /* Feed_Case_Study.h in Headers */ = {isa = PBXBuildFile; fileRef = A102818D28E478E700E79279 /* Feed_Case_Study.h */; settings = {ATTRIBUTES = (Public, ); }; };
		A10281A328E479FC00E79279 /* FeedImage.swift in Sources */ = {isa = PBXBuildFile; fileRef = A10281A228E479FC00E79279 /* FeedImage.swift */; };
		A10281A528E47A7F00E79279 /* FeedLoader.swift in Sources */ = {isa = PBXBuildFile; fileRef = A10281A428E47A7F00E79279 /* FeedLoader.swift */; };
		A10281A828E48EC100E79279 /* LoadFeedFromRemoteUseCaseTests.swift in Sources */ = {isa = PBXBuildFile; fileRef = A10281A728E48EC100E79279 /* LoadFeedFromRemoteUseCaseTests.swift */; };
		A10281AA28E499A300E79279 /* RemoteFeedLoader.swift in Sources */ = {isa = PBXBuildFile; fileRef = A10281A928E499A300E79279 /* RemoteFeedLoader.swift */; };
		A10B16EF28FA970800B27785 /* FeedCaseStudyiOS.framework in Frameworks */ = {isa = PBXBuildFile; fileRef = A10B16E728FA970700B27785 /* FeedCaseStudyiOS.framework */; };
		A10B16F428FA970800B27785 /* FeedUIIntegrationTests.swift in Sources */ = {isa = PBXBuildFile; fileRef = A10B16F328FA970800B27785 /* FeedUIIntegrationTests.swift */; };
		A10B16FC28FBB9DE00B27785 /* XCTestCase+MemoryLeakTracking.swift in Sources */ = {isa = PBXBuildFile; fileRef = A1C7446A28EDBA3500BC4B61 /* XCTestCase+MemoryLeakTracking.swift */; };
		A11045A12901B88300BC0587 /* FeedImageViewModel.swift in Sources */ = {isa = PBXBuildFile; fileRef = A11045A02901B88300BC0587 /* FeedImageViewModel.swift */; };
		A1192C91290837F400A0F7E2 /* FeedPresenter.swift in Sources */ = {isa = PBXBuildFile; fileRef = A1192C90290837F400A0F7E2 /* FeedPresenter.swift */; };
		A125891228F1CB8F004F2B6B /* LoadFeedFromCacheUseCaseTests.swift in Sources */ = {isa = PBXBuildFile; fileRef = A125891128F1CB8F004F2B6B /* LoadFeedFromCacheUseCaseTests.swift */; };
		A125891428F1CC46004F2B6B /* FeedStoreSpy.swift in Sources */ = {isa = PBXBuildFile; fileRef = A125891328F1CC46004F2B6B /* FeedStoreSpy.swift */; };
		A125891728F2B28C004F2B6B /* ValidateFeedCacheUseCaseTests.swift in Sources */ = {isa = PBXBuildFile; fileRef = A125891628F2B28C004F2B6B /* ValidateFeedCacheUseCaseTests.swift */; };
		A125891928F2B754004F2B6B /* FeedCacheTestHelpers.swift in Sources */ = {isa = PBXBuildFile; fileRef = A125891828F2B754004F2B6B /* FeedCacheTestHelpers.swift */; };
		A125891B28F2B86E004F2B6B /* SharedTestHelpers.swift in Sources */ = {isa = PBXBuildFile; fileRef = A125891A28F2B86E004F2B6B /* SharedTestHelpers.swift */; };
		A125891E28F33009004F2B6B /* FeedCachePolicy.swift in Sources */ = {isa = PBXBuildFile; fileRef = A125891C28F32FAA004F2B6B /* FeedCachePolicy.swift */; };
		A15E6E3828FBC4B9007FE3A5 /* FeedCaseStudy.framework in Frameworks */ = {isa = PBXBuildFile; fileRef = A102818A28E478E700E79279 /* FeedCaseStudy.framework */; platformFilter = ios; };
		A15E6E3928FBC4B9007FE3A5 /* FeedCaseStudy.framework in Embed Frameworks */ = {isa = PBXBuildFile; fileRef = A102818A28E478E700E79279 /* FeedCaseStudy.framework */; platformFilter = ios; settings = {ATTRIBUTES = (CodeSignOnCopy, RemoveHeadersOnCopy, ); }; };
		A15E6E3E28FBD187007FE3A5 /* FeedViewController.swift in Sources */ = {isa = PBXBuildFile; fileRef = A15E6E3D28FBD187007FE3A5 /* FeedViewController.swift */; };
		A15E926628EB21BB00FC9C48 /* HTTPClient.swift in Sources */ = {isa = PBXBuildFile; fileRef = A15E926528EB21BB00FC9C48 /* HTTPClient.swift */; };
		A15E926828EB21E000FC9C48 /* FeedItemMapper.swift in Sources */ = {isa = PBXBuildFile; fileRef = A15E926728EB21E000FC9C48 /* FeedItemMapper.swift */; };
		A16CCC1528FD2DFB000840E3 /* FeedImageCell.swift in Sources */ = {isa = PBXBuildFile; fileRef = A16CCC1428FD2DFB000840E3 /* FeedImageCell.swift */; };
		A179529129002546004CC237 /* UIImage+TestHelpers.swift in Sources */ = {isa = PBXBuildFile; fileRef = A179529029002546004CC237 /* UIImage+TestHelpers.swift */; };
		A1795294290025B6004CC237 /* UIRefreshControl+TestHelpers.swift in Sources */ = {isa = PBXBuildFile; fileRef = A1795293290025B6004CC237 /* UIRefreshControl+TestHelpers.swift */; };
		A179529629002610004CC237 /* UIButton+TestHelpers.swift in Sources */ = {isa = PBXBuildFile; fileRef = A179529529002610004CC237 /* UIButton+TestHelpers.swift */; };
		A179529829002653004CC237 /* UIControl+TestHelpers.swift in Sources */ = {isa = PBXBuildFile; fileRef = A179529729002653004CC237 /* UIControl+TestHelpers.swift */; };
		A179529D290027A6004CC237 /* FeedViewController+TestHelpers.swift in Sources */ = {isa = PBXBuildFile; fileRef = A179529C290027A6004CC237 /* FeedViewController+TestHelpers.swift */; };
		A179529F29002800004CC237 /* FeedImageCell+TestHelpers.swift in Sources */ = {isa = PBXBuildFile; fileRef = A179529E29002800004CC237 /* FeedImageCell+TestHelpers.swift */; };
		A17952A129002875004CC237 /* FeedUIIntegrationTests+LoaderSpy.swift in Sources */ = {isa = PBXBuildFile; fileRef = A17952A029002875004CC237 /* FeedUIIntegrationTests+LoaderSpy.swift */; };
		A17952A329002925004CC237 /* FeedUIIntegrationTests+Assertions.swift in Sources */ = {isa = PBXBuildFile; fileRef = A17952A229002925004CC237 /* FeedUIIntegrationTests+Assertions.swift */; };
		A17952A729002B54004CC237 /* FeedImageDataLoader.swift in Sources */ = {isa = PBXBuildFile; fileRef = A17952A629002B54004CC237 /* FeedImageDataLoader.swift */; };
		A17952AC29003643004CC237 /* FeedImageCellController.swift in Sources */ = {isa = PBXBuildFile; fileRef = A17952AB29003643004CC237 /* FeedImageCellController.swift */; };
		A17952AE29003C3C004CC237 /* FeedUIComposer.swift in Sources */ = {isa = PBXBuildFile; fileRef = A17952AD29003C3C004CC237 /* FeedUIComposer.swift */; };
		A17A35F928F0570700E3483A /* LocalFeedLoader.swift in Sources */ = {isa = PBXBuildFile; fileRef = A17A35F828F0570700E3483A /* LocalFeedLoader.swift */; };
		A17A35FB28F0578400E3483A /* FeedStore.swift in Sources */ = {isa = PBXBuildFile; fileRef = A17A35FA28F0578400E3483A /* FeedStore.swift */; };
		A17A35FD28F0799000E3483A /* RemoteFeedItem.swift in Sources */ = {isa = PBXBuildFile; fileRef = A17A35FC28F0799000E3483A /* RemoteFeedItem.swift */; };
		A17A35FF28F07A3000E3483A /* LocalFeedImage.swift in Sources */ = {isa = PBXBuildFile; fileRef = A17A35FE28F07A3000E3483A /* LocalFeedImage.swift */; };
		A17B761829140DF6009669B0 /* MainQueueDispatchDecorator.swift in Sources */ = {isa = PBXBuildFile; fileRef = A17B761729140DF6009669B0 /* MainQueueDispatchDecorator.swift */; };
		A17B761A29140E89009669B0 /* WeakRefVirtualProxy.swift in Sources */ = {isa = PBXBuildFile; fileRef = A17B761929140E89009669B0 /* WeakRefVirtualProxy.swift */; };
		A17B761C29140EEF009669B0 /* FeedImageDataLoaderPresentationAdapter.swift in Sources */ = {isa = PBXBuildFile; fileRef = A17B761B29140EEF009669B0 /* FeedImageDataLoaderPresentationAdapter.swift */; };
		A17B761E29140F3B009669B0 /* FeedLoaderPresentationAdapter.swift in Sources */ = {isa = PBXBuildFile; fileRef = A17B761D29140F3B009669B0 /* FeedLoaderPresentationAdapter.swift */; };
		A17B762029140F72009669B0 /* FeedViewAdapter.swift in Sources */ = {isa = PBXBuildFile; fileRef = A17B761F29140F72009669B0 /* FeedViewAdapter.swift */; };
		A17B76222914113B009669B0 /* FeedViewModel.swift in Sources */ = {isa = PBXBuildFile; fileRef = A17B76212914113B009669B0 /* FeedViewModel.swift */; };
		A17B762429141164009669B0 /* FeedLoadingViewModel.swift in Sources */ = {isa = PBXBuildFile; fileRef = A17B762329141164009669B0 /* FeedLoadingViewModel.swift */; };
		A17B76262914122E009669B0 /* Feed.storyboard in Resources */ = {isa = PBXBuildFile; fileRef = A17B76252914122E009669B0 /* Feed.storyboard */; };
		A17B762829141289009669B0 /* Feed.xcassets in Resources */ = {isa = PBXBuildFile; fileRef = A17B762729141289009669B0 /* Feed.xcassets */; };
		A19FE8A328EFF71B00CE1C63 /* CacheFeedUseCaseTests.swift in Sources */ = {isa = PBXBuildFile; fileRef = A19FE8A228EFF71B00CE1C63 /* CacheFeedUseCaseTests.swift */; };
		A1B63CE328F66DE300DCE3E5 /* FeedStoreSpecs.swift in Sources */ = {isa = PBXBuildFile; fileRef = A1B63CE228F66DE300DCE3E5 /* FeedStoreSpecs.swift */; };
		A1B63CE528F6710500DCE3E5 /* XCTestCase+FeedStoreSpecs.swift in Sources */ = {isa = PBXBuildFile; fileRef = A1B63CE428F6710500DCE3E5 /* XCTestCase+FeedStoreSpecs.swift */; };
		A1B63CE728F688B800DCE3E5 /* XCTestCase+FailableRetrieveFeedStoreSpecs.swift in Sources */ = {isa = PBXBuildFile; fileRef = A1B63CE628F688B800DCE3E5 /* XCTestCase+FailableRetrieveFeedStoreSpecs.swift */; };
		A1B63CE928F68A3100DCE3E5 /* XCTestCase+FailableInsertFeedStoreSpecs.swift in Sources */ = {isa = PBXBuildFile; fileRef = A1B63CE828F68A3100DCE3E5 /* XCTestCase+FailableInsertFeedStoreSpecs.swift */; };
		A1B63CEB28F68B4F00DCE3E5 /* XCTestCase+FailableDeleteFeedStoreSpecs.swift in Sources */ = {isa = PBXBuildFile; fileRef = A1B63CEA28F68B4F00DCE3E5 /* XCTestCase+FailableDeleteFeedStoreSpecs.swift */; };
		A1B63CEE28F6A60800DCE3E5 /* CoreDataFeedStoreTests.swift in Sources */ = {isa = PBXBuildFile; fileRef = A1B63CED28F6A60800DCE3E5 /* CoreDataFeedStoreTests.swift */; };
		A1B63CF128F6B2F100DCE3E5 /* CoreDataFeedStore.swift in Sources */ = {isa = PBXBuildFile; fileRef = A1B63CEF28F6B2D100DCE3E5 /* CoreDataFeedStore.swift */; };
		A1B63CF428F6B34500DCE3E5 /* FeedStore.xcdatamodeld in Sources */ = {isa = PBXBuildFile; fileRef = A1B63CF228F6B34500DCE3E5 /* FeedStore.xcdatamodeld */; };
		A1B7815E28F721F80060195B /* CoreDataHelper.swift in Sources */ = {isa = PBXBuildFile; fileRef = A1B7815D28F721F80060195B /* CoreDataHelper.swift */; };
		A1B7816028F7223A0060195B /* ManagedCache.swift in Sources */ = {isa = PBXBuildFile; fileRef = A1B7815F28F7223A0060195B /* ManagedCache.swift */; };
		A1B7816228F7226F0060195B /* ManagedFeedImage.swift in Sources */ = {isa = PBXBuildFile; fileRef = A1B7816128F7226F0060195B /* ManagedFeedImage.swift */; };
		A1BAC0BE28EC7436006AEB16 /* URLSessionHTTPClientTests.swift in Sources */ = {isa = PBXBuildFile; fileRef = A1BAC0BD28EC7436006AEB16 /* URLSessionHTTPClientTests.swift */; };
		A1C7446B28EDBA3500BC4B61 /* XCTestCase+MemoryLeakTracking.swift in Sources */ = {isa = PBXBuildFile; fileRef = A1C7446A28EDBA3500BC4B61 /* XCTestCase+MemoryLeakTracking.swift */; };
		A1C7446D28EDE55500BC4B61 /* URLSessionHTTPClient.swift in Sources */ = {isa = PBXBuildFile; fileRef = A1C7446C28EDE55500BC4B61 /* URLSessionHTTPClient.swift */; };
		A1C7447528EDECB800BC4B61 /* EssentialFeedAPIEndToEndTests.swift in Sources */ = {isa = PBXBuildFile; fileRef = A1C7447428EDECB800BC4B61 /* EssentialFeedAPIEndToEndTests.swift */; };
		A1C7447628EDECB800BC4B61 /* FeedCaseStudy.framework in Frameworks */ = {isa = PBXBuildFile; fileRef = A102818A28E478E700E79279 /* FeedCaseStudy.framework */; };
		A1E5322628EE6FC300AEB0C3 /* XCTestCase+MemoryLeakTracking.swift in Sources */ = {isa = PBXBuildFile; fileRef = A1C7446A28EDBA3500BC4B61 /* XCTestCase+MemoryLeakTracking.swift */; };
		A1EEE86E2914E20B008C1AD4 /* UITableView+Dequeueing.swift in Sources */ = {isa = PBXBuildFile; fileRef = A1EEE86D2914E20B008C1AD4 /* UITableView+Dequeueing.swift */; };
		A1EEE8702914E282008C1AD4 /* UIImageView+Animations.swift in Sources */ = {isa = PBXBuildFile; fileRef = A1EEE86F2914E282008C1AD4 /* UIImageView+Animations.swift */; };
		A1EEE8722914E878008C1AD4 /* Feed.strings in Resources */ = {isa = PBXBuildFile; fileRef = A1EEE8712914E878008C1AD4 /* Feed.strings */; };
		A1EEE8742914E99C008C1AD4 /* FeedUIIntegrationTests+Localization.swift in Sources */ = {isa = PBXBuildFile; fileRef = A1EEE8732914E99C008C1AD4 /* FeedUIIntegrationTests+Localization.swift */; };
		A1F20D6528FE94C000902282 /* SharedTestHelpers.swift in Sources */ = {isa = PBXBuildFile; fileRef = A125891A28F2B86E004F2B6B /* SharedTestHelpers.swift */; };
		A1F3C82128F7FA7900C765ED /* EssentialFeedCacheIntegrationTests.swift in Sources */ = {isa = PBXBuildFile; fileRef = A1F3C82028F7FA7900C765ED /* EssentialFeedCacheIntegrationTests.swift */; };
		A1F3C82228F7FA7900C765ED /* FeedCaseStudy.framework in Frameworks */ = {isa = PBXBuildFile; fileRef = A102818A28E478E700E79279 /* FeedCaseStudy.framework */; };
		A1F3C82828F7FBA100C765ED /* XCTestCase+MemoryLeakTracking.swift in Sources */ = {isa = PBXBuildFile; fileRef = A1C7446A28EDBA3500BC4B61 /* XCTestCase+MemoryLeakTracking.swift */; };
		A1F3C82928F7FE3B00C765ED /* SharedTestHelpers.swift in Sources */ = {isa = PBXBuildFile; fileRef = A125891A28F2B86E004F2B6B /* SharedTestHelpers.swift */; };
		A1F3C82A28F7FE3F00C765ED /* FeedCacheTestHelpers.swift in Sources */ = {isa = PBXBuildFile; fileRef = A125891828F2B754004F2B6B /* FeedCacheTestHelpers.swift */; };
		A1F5E0F728FEEC7D00A2B398 /* UIView+Shimmering.swift in Sources */ = {isa = PBXBuildFile; fileRef = A1F5E0F628FEEC7D00A2B398 /* UIView+Shimmering.swift */; };
/* End PBXBuildFile section */

/* Begin PBXContainerItemProxy section */
		A102819428E478E700E79279 /* PBXContainerItemProxy */ = {
			isa = PBXContainerItemProxy;
			containerPortal = A102818128E478E700E79279 /* Project object */;
			proxyType = 1;
			remoteGlobalIDString = A102818928E478E700E79279;
			remoteInfo = "Feed Case Study";
		};
		A10B16F028FA970800B27785 /* PBXContainerItemProxy */ = {
			isa = PBXContainerItemProxy;
			containerPortal = A102818128E478E700E79279 /* Project object */;
			proxyType = 1;
			remoteGlobalIDString = A10B16E628FA970700B27785;
			remoteInfo = FeedCaseStudyiOS;
		};
		A15E6E3A28FBC4B9007FE3A5 /* PBXContainerItemProxy */ = {
			isa = PBXContainerItemProxy;
			containerPortal = A102818128E478E700E79279 /* Project object */;
			proxyType = 1;
			remoteGlobalIDString = A102818928E478E700E79279;
			remoteInfo = FeedCaseStudy;
		};
		A1C7447728EDECB800BC4B61 /* PBXContainerItemProxy */ = {
			isa = PBXContainerItemProxy;
			containerPortal = A102818128E478E700E79279 /* Project object */;
			proxyType = 1;
			remoteGlobalIDString = A102818928E478E700E79279;
			remoteInfo = "Feed Case Study";
		};
		A1F3C82328F7FA7900C765ED /* PBXContainerItemProxy */ = {
			isa = PBXContainerItemProxy;
			containerPortal = A102818128E478E700E79279 /* Project object */;
			proxyType = 1;
			remoteGlobalIDString = A102818928E478E700E79279;
			remoteInfo = FeedCaseStudy;
		};
/* End PBXContainerItemProxy section */

/* Begin PBXCopyFilesBuildPhase section */
		A15E6E3C28FBC4B9007FE3A5 /* Embed Frameworks */ = {
			isa = PBXCopyFilesBuildPhase;
			buildActionMask = 2147483647;
			dstPath = "";
			dstSubfolderSpec = 10;
			files = (
				A15E6E3928FBC4B9007FE3A5 /* FeedCaseStudy.framework in Embed Frameworks */,
			);
			name = "Embed Frameworks";
			runOnlyForDeploymentPostprocessing = 0;
		};
/* End PBXCopyFilesBuildPhase section */

/* Begin PBXFileReference section */
		A102818A28E478E700E79279 /* FeedCaseStudy.framework */ = {isa = PBXFileReference; explicitFileType = wrapper.framework; includeInIndex = 0; path = FeedCaseStudy.framework; sourceTree = BUILT_PRODUCTS_DIR; };
		A102818D28E478E700E79279 /* Feed_Case_Study.h */ = {isa = PBXFileReference; lastKnownFileType = sourcecode.c.h; path = Feed_Case_Study.h; sourceTree = "<group>"; };
		A102819228E478E700E79279 /* FeedCaseStudyTests.xctest */ = {isa = PBXFileReference; explicitFileType = wrapper.cfbundle; includeInIndex = 0; path = FeedCaseStudyTests.xctest; sourceTree = BUILT_PRODUCTS_DIR; };
		A10281A228E479FC00E79279 /* FeedImage.swift */ = {isa = PBXFileReference; lastKnownFileType = sourcecode.swift; path = FeedImage.swift; sourceTree = "<group>"; };
		A10281A428E47A7F00E79279 /* FeedLoader.swift */ = {isa = PBXFileReference; lastKnownFileType = sourcecode.swift; path = FeedLoader.swift; sourceTree = "<group>"; };
		A10281A728E48EC100E79279 /* LoadFeedFromRemoteUseCaseTests.swift */ = {isa = PBXFileReference; lastKnownFileType = sourcecode.swift; path = LoadFeedFromRemoteUseCaseTests.swift; sourceTree = "<group>"; };
		A10281A928E499A300E79279 /* RemoteFeedLoader.swift */ = {isa = PBXFileReference; lastKnownFileType = sourcecode.swift; path = RemoteFeedLoader.swift; sourceTree = "<group>"; };
		A10B16E728FA970700B27785 /* FeedCaseStudyiOS.framework */ = {isa = PBXFileReference; explicitFileType = wrapper.framework; includeInIndex = 0; path = FeedCaseStudyiOS.framework; sourceTree = BUILT_PRODUCTS_DIR; };
		A10B16EE28FA970800B27785 /* FeedCaseStudyiOSTests.xctest */ = {isa = PBXFileReference; explicitFileType = wrapper.cfbundle; includeInIndex = 0; path = FeedCaseStudyiOSTests.xctest; sourceTree = BUILT_PRODUCTS_DIR; };
		A10B16F328FA970800B27785 /* FeedUIIntegrationTests.swift */ = {isa = PBXFileReference; lastKnownFileType = sourcecode.swift; path = FeedUIIntegrationTests.swift; sourceTree = "<group>"; };
		A11045A02901B88300BC0587 /* FeedImageViewModel.swift */ = {isa = PBXFileReference; lastKnownFileType = sourcecode.swift; path = FeedImageViewModel.swift; sourceTree = "<group>"; };
		A1192C90290837F400A0F7E2 /* FeedPresenter.swift */ = {isa = PBXFileReference; lastKnownFileType = sourcecode.swift; path = FeedPresenter.swift; sourceTree = "<group>"; };
		A125891128F1CB8F004F2B6B /* LoadFeedFromCacheUseCaseTests.swift */ = {isa = PBXFileReference; lastKnownFileType = sourcecode.swift; path = LoadFeedFromCacheUseCaseTests.swift; sourceTree = "<group>"; };
		A125891328F1CC46004F2B6B /* FeedStoreSpy.swift */ = {isa = PBXFileReference; lastKnownFileType = sourcecode.swift; path = FeedStoreSpy.swift; sourceTree = "<group>"; };
		A125891628F2B28C004F2B6B /* ValidateFeedCacheUseCaseTests.swift */ = {isa = PBXFileReference; lastKnownFileType = sourcecode.swift; path = ValidateFeedCacheUseCaseTests.swift; sourceTree = "<group>"; };
		A125891828F2B754004F2B6B /* FeedCacheTestHelpers.swift */ = {isa = PBXFileReference; lastKnownFileType = sourcecode.swift; path = FeedCacheTestHelpers.swift; sourceTree = "<group>"; };
		A125891A28F2B86E004F2B6B /* SharedTestHelpers.swift */ = {isa = PBXFileReference; lastKnownFileType = sourcecode.swift; path = SharedTestHelpers.swift; sourceTree = "<group>"; };
		A125891C28F32FAA004F2B6B /* FeedCachePolicy.swift */ = {isa = PBXFileReference; lastKnownFileType = sourcecode.swift; path = FeedCachePolicy.swift; sourceTree = "<group>"; };
		A15E6E3D28FBD187007FE3A5 /* FeedViewController.swift */ = {isa = PBXFileReference; lastKnownFileType = sourcecode.swift; path = FeedViewController.swift; sourceTree = "<group>"; };
		A15E926528EB21BB00FC9C48 /* HTTPClient.swift */ = {isa = PBXFileReference; lastKnownFileType = sourcecode.swift; path = HTTPClient.swift; sourceTree = "<group>"; };
		A15E926728EB21E000FC9C48 /* FeedItemMapper.swift */ = {isa = PBXFileReference; lastKnownFileType = sourcecode.swift; path = FeedItemMapper.swift; sourceTree = "<group>"; };
		A16CCC1428FD2DFB000840E3 /* FeedImageCell.swift */ = {isa = PBXFileReference; lastKnownFileType = sourcecode.swift; path = FeedImageCell.swift; sourceTree = "<group>"; };
		A179529029002546004CC237 /* UIImage+TestHelpers.swift */ = {isa = PBXFileReference; lastKnownFileType = sourcecode.swift; path = "UIImage+TestHelpers.swift"; sourceTree = "<group>"; };
		A1795293290025B6004CC237 /* UIRefreshControl+TestHelpers.swift */ = {isa = PBXFileReference; lastKnownFileType = sourcecode.swift; path = "UIRefreshControl+TestHelpers.swift"; sourceTree = "<group>"; };
		A179529529002610004CC237 /* UIButton+TestHelpers.swift */ = {isa = PBXFileReference; lastKnownFileType = sourcecode.swift; path = "UIButton+TestHelpers.swift"; sourceTree = "<group>"; };
		A179529729002653004CC237 /* UIControl+TestHelpers.swift */ = {isa = PBXFileReference; lastKnownFileType = sourcecode.swift; path = "UIControl+TestHelpers.swift"; sourceTree = "<group>"; };
		A179529C290027A6004CC237 /* FeedViewController+TestHelpers.swift */ = {isa = PBXFileReference; lastKnownFileType = sourcecode.swift; path = "FeedViewController+TestHelpers.swift"; sourceTree = "<group>"; };
		A179529E29002800004CC237 /* FeedImageCell+TestHelpers.swift */ = {isa = PBXFileReference; lastKnownFileType = sourcecode.swift; path = "FeedImageCell+TestHelpers.swift"; sourceTree = "<group>"; };
		A17952A029002875004CC237 /* FeedUIIntegrationTests+LoaderSpy.swift */ = {isa = PBXFileReference; lastKnownFileType = sourcecode.swift; path = "FeedUIIntegrationTests+LoaderSpy.swift"; sourceTree = "<group>"; };
		A17952A229002925004CC237 /* FeedUIIntegrationTests+Assertions.swift */ = {isa = PBXFileReference; lastKnownFileType = sourcecode.swift; path = "FeedUIIntegrationTests+Assertions.swift"; sourceTree = "<group>"; };
		A17952A629002B54004CC237 /* FeedImageDataLoader.swift */ = {isa = PBXFileReference; lastKnownFileType = sourcecode.swift; path = FeedImageDataLoader.swift; sourceTree = "<group>"; };
		A17952AB29003643004CC237 /* FeedImageCellController.swift */ = {isa = PBXFileReference; lastKnownFileType = sourcecode.swift; path = FeedImageCellController.swift; sourceTree = "<group>"; };
		A17952AD29003C3C004CC237 /* FeedUIComposer.swift */ = {isa = PBXFileReference; lastKnownFileType = sourcecode.swift; path = FeedUIComposer.swift; sourceTree = "<group>"; };
		A17A35F828F0570700E3483A /* LocalFeedLoader.swift */ = {isa = PBXFileReference; lastKnownFileType = sourcecode.swift; path = LocalFeedLoader.swift; sourceTree = "<group>"; };
		A17A35FA28F0578400E3483A /* FeedStore.swift */ = {isa = PBXFileReference; lastKnownFileType = sourcecode.swift; path = FeedStore.swift; sourceTree = "<group>"; };
		A17A35FC28F0799000E3483A /* RemoteFeedItem.swift */ = {isa = PBXFileReference; lastKnownFileType = sourcecode.swift; path = RemoteFeedItem.swift; sourceTree = "<group>"; };
		A17A35FE28F07A3000E3483A /* LocalFeedImage.swift */ = {isa = PBXFileReference; lastKnownFileType = sourcecode.swift; path = LocalFeedImage.swift; sourceTree = "<group>"; };
		A17B761729140DF6009669B0 /* MainQueueDispatchDecorator.swift */ = {isa = PBXFileReference; lastKnownFileType = sourcecode.swift; path = MainQueueDispatchDecorator.swift; sourceTree = "<group>"; };
		A17B761929140E89009669B0 /* WeakRefVirtualProxy.swift */ = {isa = PBXFileReference; lastKnownFileType = sourcecode.swift; path = WeakRefVirtualProxy.swift; sourceTree = "<group>"; };
		A17B761B29140EEF009669B0 /* FeedImageDataLoaderPresentationAdapter.swift */ = {isa = PBXFileReference; lastKnownFileType = sourcecode.swift; path = FeedImageDataLoaderPresentationAdapter.swift; sourceTree = "<group>"; };
		A17B761D29140F3B009669B0 /* FeedLoaderPresentationAdapter.swift */ = {isa = PBXFileReference; lastKnownFileType = sourcecode.swift; path = FeedLoaderPresentationAdapter.swift; sourceTree = "<group>"; };
		A17B761F29140F72009669B0 /* FeedViewAdapter.swift */ = {isa = PBXFileReference; lastKnownFileType = sourcecode.swift; path = FeedViewAdapter.swift; sourceTree = "<group>"; };
		A17B76212914113B009669B0 /* FeedViewModel.swift */ = {isa = PBXFileReference; lastKnownFileType = sourcecode.swift; path = FeedViewModel.swift; sourceTree = "<group>"; };
		A17B762329141164009669B0 /* FeedLoadingViewModel.swift */ = {isa = PBXFileReference; lastKnownFileType = sourcecode.swift; path = FeedLoadingViewModel.swift; sourceTree = "<group>"; };
		A17B76252914122E009669B0 /* Feed.storyboard */ = {isa = PBXFileReference; lastKnownFileType = file.storyboard; path = Feed.storyboard; sourceTree = "<group>"; };
		A17B762729141289009669B0 /* Feed.xcassets */ = {isa = PBXFileReference; lastKnownFileType = folder.assetcatalog; path = Feed.xcassets; sourceTree = "<group>"; };
		A19FE8A228EFF71B00CE1C63 /* CacheFeedUseCaseTests.swift */ = {isa = PBXFileReference; lastKnownFileType = sourcecode.swift; path = CacheFeedUseCaseTests.swift; sourceTree = "<group>"; };
		A1B63CE228F66DE300DCE3E5 /* FeedStoreSpecs.swift */ = {isa = PBXFileReference; lastKnownFileType = sourcecode.swift; path = FeedStoreSpecs.swift; sourceTree = "<group>"; };
		A1B63CE428F6710500DCE3E5 /* XCTestCase+FeedStoreSpecs.swift */ = {isa = PBXFileReference; lastKnownFileType = sourcecode.swift; path = "XCTestCase+FeedStoreSpecs.swift"; sourceTree = "<group>"; };
		A1B63CE628F688B800DCE3E5 /* XCTestCase+FailableRetrieveFeedStoreSpecs.swift */ = {isa = PBXFileReference; lastKnownFileType = sourcecode.swift; path = "XCTestCase+FailableRetrieveFeedStoreSpecs.swift"; sourceTree = "<group>"; };
		A1B63CE828F68A3100DCE3E5 /* XCTestCase+FailableInsertFeedStoreSpecs.swift */ = {isa = PBXFileReference; lastKnownFileType = sourcecode.swift; path = "XCTestCase+FailableInsertFeedStoreSpecs.swift"; sourceTree = "<group>"; };
		A1B63CEA28F68B4F00DCE3E5 /* XCTestCase+FailableDeleteFeedStoreSpecs.swift */ = {isa = PBXFileReference; lastKnownFileType = sourcecode.swift; path = "XCTestCase+FailableDeleteFeedStoreSpecs.swift"; sourceTree = "<group>"; };
		A1B63CED28F6A60800DCE3E5 /* CoreDataFeedStoreTests.swift */ = {isa = PBXFileReference; lastKnownFileType = sourcecode.swift; path = CoreDataFeedStoreTests.swift; sourceTree = "<group>"; };
		A1B63CEF28F6B2D100DCE3E5 /* CoreDataFeedStore.swift */ = {isa = PBXFileReference; lastKnownFileType = sourcecode.swift; path = CoreDataFeedStore.swift; sourceTree = "<group>"; };
		A1B63CF328F6B34500DCE3E5 /* FeedStore.xcdatamodel */ = {isa = PBXFileReference; lastKnownFileType = wrapper.xcdatamodel; path = FeedStore.xcdatamodel; sourceTree = "<group>"; };
		A1B7815D28F721F80060195B /* CoreDataHelper.swift */ = {isa = PBXFileReference; lastKnownFileType = sourcecode.swift; path = CoreDataHelper.swift; sourceTree = "<group>"; };
		A1B7815F28F7223A0060195B /* ManagedCache.swift */ = {isa = PBXFileReference; lastKnownFileType = sourcecode.swift; path = ManagedCache.swift; sourceTree = "<group>"; };
		A1B7816128F7226F0060195B /* ManagedFeedImage.swift */ = {isa = PBXFileReference; lastKnownFileType = sourcecode.swift; path = ManagedFeedImage.swift; sourceTree = "<group>"; };
		A1BAC0BD28EC7436006AEB16 /* URLSessionHTTPClientTests.swift */ = {isa = PBXFileReference; lastKnownFileType = sourcecode.swift; path = URLSessionHTTPClientTests.swift; sourceTree = "<group>"; };
		A1C7446A28EDBA3500BC4B61 /* XCTestCase+MemoryLeakTracking.swift */ = {isa = PBXFileReference; lastKnownFileType = sourcecode.swift; path = "XCTestCase+MemoryLeakTracking.swift"; sourceTree = "<group>"; };
		A1C7446C28EDE55500BC4B61 /* URLSessionHTTPClient.swift */ = {isa = PBXFileReference; lastKnownFileType = sourcecode.swift; path = URLSessionHTTPClient.swift; sourceTree = "<group>"; };
		A1C7447228EDECB800BC4B61 /* EssentialFeedAPIEndToEndTests.xctest */ = {isa = PBXFileReference; explicitFileType = wrapper.cfbundle; includeInIndex = 0; path = EssentialFeedAPIEndToEndTests.xctest; sourceTree = BUILT_PRODUCTS_DIR; };
		A1C7447428EDECB800BC4B61 /* EssentialFeedAPIEndToEndTests.swift */ = {isa = PBXFileReference; lastKnownFileType = sourcecode.swift; path = EssentialFeedAPIEndToEndTests.swift; sourceTree = "<group>"; };
		A1EEE86D2914E20B008C1AD4 /* UITableView+Dequeueing.swift */ = {isa = PBXFileReference; lastKnownFileType = sourcecode.swift; path = "UITableView+Dequeueing.swift"; sourceTree = "<group>"; };
		A1EEE86F2914E282008C1AD4 /* UIImageView+Animations.swift */ = {isa = PBXFileReference; lastKnownFileType = sourcecode.swift; path = "UIImageView+Animations.swift"; sourceTree = "<group>"; };
		A1EEE8712914E878008C1AD4 /* Feed.strings */ = {isa = PBXFileReference; lastKnownFileType = text.plist.strings; path = Feed.strings; sourceTree = "<group>"; };
		A1EEE8732914E99C008C1AD4 /* FeedUIIntegrationTests+Localization.swift */ = {isa = PBXFileReference; lastKnownFileType = sourcecode.swift; path = "FeedUIIntegrationTests+Localization.swift"; sourceTree = "<group>"; };
		A1F3C81E28F7FA7900C765ED /* EssentialFeedCacheIntegrationTests.xctest */ = {isa = PBXFileReference; explicitFileType = wrapper.cfbundle; includeInIndex = 0; path = EssentialFeedCacheIntegrationTests.xctest; sourceTree = BUILT_PRODUCTS_DIR; };
		A1F3C82028F7FA7900C765ED /* EssentialFeedCacheIntegrationTests.swift */ = {isa = PBXFileReference; lastKnownFileType = sourcecode.swift; path = EssentialFeedCacheIntegrationTests.swift; sourceTree = "<group>"; };
		A1F5E0F628FEEC7D00A2B398 /* UIView+Shimmering.swift */ = {isa = PBXFileReference; lastKnownFileType = sourcecode.swift; path = "UIView+Shimmering.swift"; sourceTree = "<group>"; };
/* End PBXFileReference section */

/* Begin PBXFrameworksBuildPhase section */
		A102818728E478E700E79279 /* Frameworks */ = {
			isa = PBXFrameworksBuildPhase;
			buildActionMask = 2147483647;
			files = (
			);
			runOnlyForDeploymentPostprocessing = 0;
		};
		A102818F28E478E700E79279 /* Frameworks */ = {
			isa = PBXFrameworksBuildPhase;
			buildActionMask = 2147483647;
			files = (
				A102819328E478E700E79279 /* FeedCaseStudy.framework in Frameworks */,
			);
			runOnlyForDeploymentPostprocessing = 0;
		};
		A10B16E428FA970700B27785 /* Frameworks */ = {
			isa = PBXFrameworksBuildPhase;
			buildActionMask = 2147483647;
			files = (
				A15E6E3828FBC4B9007FE3A5 /* FeedCaseStudy.framework in Frameworks */,
			);
			runOnlyForDeploymentPostprocessing = 0;
		};
		A10B16EB28FA970800B27785 /* Frameworks */ = {
			isa = PBXFrameworksBuildPhase;
			buildActionMask = 2147483647;
			files = (
				A10B16EF28FA970800B27785 /* FeedCaseStudyiOS.framework in Frameworks */,
			);
			runOnlyForDeploymentPostprocessing = 0;
		};
		A1C7446F28EDECB800BC4B61 /* Frameworks */ = {
			isa = PBXFrameworksBuildPhase;
			buildActionMask = 2147483647;
			files = (
				A1C7447628EDECB800BC4B61 /* FeedCaseStudy.framework in Frameworks */,
			);
			runOnlyForDeploymentPostprocessing = 0;
		};
		A1F3C81B28F7FA7900C765ED /* Frameworks */ = {
			isa = PBXFrameworksBuildPhase;
			buildActionMask = 2147483647;
			files = (
				A1F3C82228F7FA7900C765ED /* FeedCaseStudy.framework in Frameworks */,
			);
			runOnlyForDeploymentPostprocessing = 0;
		};
/* End PBXFrameworksBuildPhase section */

/* Begin PBXGroup section */
		A102818028E478E700E79279 = {
			isa = PBXGroup;
			children = (
				A102818C28E478E700E79279 /* Feed Case Study */,
				A102819628E478E700E79279 /* Feed Case StudyTests */,
				A1C7447328EDECB800BC4B61 /* EssentialFeedAPIEndToEndTests */,
				A1F3C81F28F7FA7900C765ED /* EssentialFeedCacheIntegrationTests */,
				A10B16E828FA970800B27785 /* FeedCaseStudyiOS */,
				A10B16F228FA970800B27785 /* FeedCaseStudyiOSTests */,
				A102818B28E478E700E79279 /* Products */,
				A15E6E3728FBC4B9007FE3A5 /* Frameworks */,
			);
			sourceTree = "<group>";
		};
		A102818B28E478E700E79279 /* Products */ = {
			isa = PBXGroup;
			children = (
				A102818A28E478E700E79279 /* FeedCaseStudy.framework */,
				A102819228E478E700E79279 /* FeedCaseStudyTests.xctest */,
				A1C7447228EDECB800BC4B61 /* EssentialFeedAPIEndToEndTests.xctest */,
				A1F3C81E28F7FA7900C765ED /* EssentialFeedCacheIntegrationTests.xctest */,
				A10B16E728FA970700B27785 /* FeedCaseStudyiOS.framework */,
				A10B16EE28FA970800B27785 /* FeedCaseStudyiOSTests.xctest */,
			);
			name = Products;
			sourceTree = "<group>";
		};
		A102818C28E478E700E79279 /* Feed Case Study */ = {
			isa = PBXGroup;
			children = (
				A102818D28E478E700E79279 /* Feed_Case_Study.h */,
				A10281A628E47B3E00E79279 /* Feed Feature */,
				A10281AB28E499A600E79279 /* Feed API */,
				A17A35F728F056E600E3483A /* Feed Cache */,
			);
			path = "Feed Case Study";
			sourceTree = "<group>";
		};
		A102819628E478E700E79279 /* Feed Case StudyTests */ = {
			isa = PBXGroup;
			children = (
				A19FE8A128EFF6E900CE1C63 /* Helper */,
				A19FE89F28EFF6C800CE1C63 /* Feed Cache */,
				A15E926928EB264B00FC9C48 /* Feed API */,
			);
			path = "Feed Case StudyTests";
			sourceTree = "<group>";
		};
		A10281A628E47B3E00E79279 /* Feed Feature */ = {
			isa = PBXGroup;
			children = (
				A10281A228E479FC00E79279 /* FeedImage.swift */,
				A10281A428E47A7F00E79279 /* FeedLoader.swift */,
			);
			path = "Feed Feature";
			sourceTree = "<group>";
		};
		A10281AB28E499A600E79279 /* Feed API */ = {
			isa = PBXGroup;
			children = (
				A10281A928E499A300E79279 /* RemoteFeedLoader.swift */,
				A15E926728EB21E000FC9C48 /* FeedItemMapper.swift */,
				A17A35FC28F0799000E3483A /* RemoteFeedItem.swift */,
				A15E926528EB21BB00FC9C48 /* HTTPClient.swift */,
				A1C7446C28EDE55500BC4B61 /* URLSessionHTTPClient.swift */,
			);
			path = "Feed API";
			sourceTree = "<group>";
		};
		A10B16E828FA970800B27785 /* FeedCaseStudyiOS */ = {
			isa = PBXGroup;
			children = (
				A17952A829002B67004CC237 /* Feed Image Loader */,
				A17952A429002A4E004CC237 /* Feed UI */,
			);
			path = FeedCaseStudyiOS;
			sourceTree = "<group>";
		};
		A10B16F228FA970800B27785 /* FeedCaseStudyiOSTests */ = {
			isa = PBXGroup;
			children = (
				A17952A529002A5C004CC237 /* Feed UI */,
			);
			path = FeedCaseStudyiOSTests;
			sourceTree = "<group>";
		};
		A11046EC290142DF00199C6C /* Feed Presentation */ = {
			isa = PBXGroup;
			children = (
				A1192C90290837F400A0F7E2 /* FeedPresenter.swift */,
				A11045A02901B88300BC0587 /* FeedImageViewModel.swift */,
				A17B76212914113B009669B0 /* FeedViewModel.swift */,
				A17B762329141164009669B0 /* FeedLoadingViewModel.swift */,
				A1EEE8712914E878008C1AD4 /* Feed.strings */,
			);
			path = "Feed Presentation";
			sourceTree = "<group>";
		};
		A125891528F1CC4B004F2B6B /* Helper */ = {
			isa = PBXGroup;
			children = (
				A125891328F1CC46004F2B6B /* FeedStoreSpy.swift */,
				A125891828F2B754004F2B6B /* FeedCacheTestHelpers.swift */,
			);
			path = Helper;
			sourceTree = "<group>";
		};
		A15E6E3728FBC4B9007FE3A5 /* Frameworks */ = {
			isa = PBXGroup;
			children = (
			);
			name = Frameworks;
			sourceTree = "<group>";
		};
		A15E926928EB264B00FC9C48 /* Feed API */ = {
			isa = PBXGroup;
			children = (
				A10281A728E48EC100E79279 /* LoadFeedFromRemoteUseCaseTests.swift */,
				A1BAC0BD28EC7436006AEB16 /* URLSessionHTTPClientTests.swift */,
			);
			path = "Feed API";
			sourceTree = "<group>";
		};
		A17952922900257E004CC237 /* Helpers */ = {
			isa = PBXGroup;
			children = (
				A179529029002546004CC237 /* UIImage+TestHelpers.swift */,
				A1795293290025B6004CC237 /* UIRefreshControl+TestHelpers.swift */,
				A179529529002610004CC237 /* UIButton+TestHelpers.swift */,
				A179529729002653004CC237 /* UIControl+TestHelpers.swift */,
				A179529C290027A6004CC237 /* FeedViewController+TestHelpers.swift */,
				A179529E29002800004CC237 /* FeedImageCell+TestHelpers.swift */,
				A17952A029002875004CC237 /* FeedUIIntegrationTests+LoaderSpy.swift */,
				A17952A229002925004CC237 /* FeedUIIntegrationTests+Assertions.swift */,
				A1EEE8732914E99C008C1AD4 /* FeedUIIntegrationTests+Localization.swift */,
			);
			path = Helpers;
			sourceTree = "<group>";
		};
		A1795299290026FC004CC237 /* Controllers */ = {
			isa = PBXGroup;
			children = (
				A15E6E3D28FBD187007FE3A5 /* FeedViewController.swift */,
				A17952AB29003643004CC237 /* FeedImageCellController.swift */,
			);
			path = Controllers;
			sourceTree = "<group>";
		};
		A179529A29002709004CC237 /* Views */ = {
			isa = PBXGroup;
			children = (
				A16CCC1428FD2DFB000840E3 /* FeedImageCell.swift */,
				A1F5E0F628FEEC7D00A2B398 /* UIView+Shimmering.swift */,
				A1EEE86D2914E20B008C1AD4 /* UITableView+Dequeueing.swift */,
				A1EEE86F2914E282008C1AD4 /* UIImageView+Animations.swift */,
				A17B76252914122E009669B0 /* Feed.storyboard */,
				A17B762729141289009669B0 /* Feed.xcassets */,
			);
			path = Views;
			sourceTree = "<group>";
		};
		A17952A429002A4E004CC237 /* Feed UI */ = {
			isa = PBXGroup;
			children = (
				A17952AF29003C75004CC237 /* Composer */,
				A11046EC290142DF00199C6C /* Feed Presentation */,
				A1795299290026FC004CC237 /* Controllers */,
				A179529A29002709004CC237 /* Views */,
			);
			path = "Feed UI";
			sourceTree = "<group>";
		};
		A17952A529002A5C004CC237 /* Feed UI */ = {
			isa = PBXGroup;
			children = (
				A10B16F328FA970800B27785 /* FeedUIIntegrationTests.swift */,
				A17952922900257E004CC237 /* Helpers */,
			);
			path = "Feed UI";
			sourceTree = "<group>";
		};
		A17952A829002B67004CC237 /* Feed Image Loader */ = {
			isa = PBXGroup;
			children = (
				A17952A629002B54004CC237 /* FeedImageDataLoader.swift */,
			);
			path = "Feed Image Loader";
			sourceTree = "<group>";
		};
		A17952AF29003C75004CC237 /* Composer */ = {
			isa = PBXGroup;
			children = (
				A17952AD29003C3C004CC237 /* FeedUIComposer.swift */,
				A17B761729140DF6009669B0 /* MainQueueDispatchDecorator.swift */,
				A17B761929140E89009669B0 /* WeakRefVirtualProxy.swift */,
				A17B761B29140EEF009669B0 /* FeedImageDataLoaderPresentationAdapter.swift */,
				A17B761D29140F3B009669B0 /* FeedLoaderPresentationAdapter.swift */,
				A17B761F29140F72009669B0 /* FeedViewAdapter.swift */,
			);
			path = Composer;
			sourceTree = "<group>";
		};
		A17A35F728F056E600E3483A /* Feed Cache */ = {
			isa = PBXGroup;
			children = (
				A17A35F828F0570700E3483A /* LocalFeedLoader.swift */,
				A17A35FA28F0578400E3483A /* FeedStore.swift */,
				A17A35FE28F07A3000E3483A /* LocalFeedImage.swift */,
				A125891C28F32FAA004F2B6B /* FeedCachePolicy.swift */,
				A1B7815A28F721620060195B /* Infrastructure */,
			);
			path = "Feed Cache";
			sourceTree = "<group>";
		};
		A19FE89F28EFF6C800CE1C63 /* Feed Cache */ = {
			isa = PBXGroup;
			children = (
				A1B63CEC28F68C6E00DCE3E5 /* FeedStoreSpecs */,
				A125891528F1CC4B004F2B6B /* Helper */,
				A19FE8A228EFF71B00CE1C63 /* CacheFeedUseCaseTests.swift */,
				A125891128F1CB8F004F2B6B /* LoadFeedFromCacheUseCaseTests.swift */,
				A125891628F2B28C004F2B6B /* ValidateFeedCacheUseCaseTests.swift */,
				A1B63CED28F6A60800DCE3E5 /* CoreDataFeedStoreTests.swift */,
			);
			path = "Feed Cache";
			sourceTree = "<group>";
		};
		A19FE8A128EFF6E900CE1C63 /* Helper */ = {
			isa = PBXGroup;
			children = (
				A1C7446A28EDBA3500BC4B61 /* XCTestCase+MemoryLeakTracking.swift */,
				A125891A28F2B86E004F2B6B /* SharedTestHelpers.swift */,
			);
			path = Helper;
			sourceTree = "<group>";
		};
		A1B63CEC28F68C6E00DCE3E5 /* FeedStoreSpecs */ = {
			isa = PBXGroup;
			children = (
				A1B63CE228F66DE300DCE3E5 /* FeedStoreSpecs.swift */,
				A1B63CE428F6710500DCE3E5 /* XCTestCase+FeedStoreSpecs.swift */,
				A1B63CE628F688B800DCE3E5 /* XCTestCase+FailableRetrieveFeedStoreSpecs.swift */,
				A1B63CE828F68A3100DCE3E5 /* XCTestCase+FailableInsertFeedStoreSpecs.swift */,
				A1B63CEA28F68B4F00DCE3E5 /* XCTestCase+FailableDeleteFeedStoreSpecs.swift */,
			);
			path = FeedStoreSpecs;
			sourceTree = "<group>";
		};
		A1B7815A28F721620060195B /* Infrastructure */ = {
			isa = PBXGroup;
			children = (
				A1B7815B28F7216F0060195B /* CoreData */,
			);
			path = Infrastructure;
			sourceTree = "<group>";
		};
		A1B7815B28F7216F0060195B /* CoreData */ = {
			isa = PBXGroup;
			children = (
				A1B63CF228F6B34500DCE3E5 /* FeedStore.xcdatamodeld */,
				A1B63CEF28F6B2D100DCE3E5 /* CoreDataFeedStore.swift */,
				A1B7815D28F721F80060195B /* CoreDataHelper.swift */,
				A1B7815F28F7223A0060195B /* ManagedCache.swift */,
				A1B7816128F7226F0060195B /* ManagedFeedImage.swift */,
			);
			path = CoreData;
			sourceTree = "<group>";
		};
		A1C7447328EDECB800BC4B61 /* EssentialFeedAPIEndToEndTests */ = {
			isa = PBXGroup;
			children = (
				A1C7447428EDECB800BC4B61 /* EssentialFeedAPIEndToEndTests.swift */,
			);
			path = EssentialFeedAPIEndToEndTests;
			sourceTree = "<group>";
		};
		A1F3C81F28F7FA7900C765ED /* EssentialFeedCacheIntegrationTests */ = {
			isa = PBXGroup;
			children = (
				A1F3C82028F7FA7900C765ED /* EssentialFeedCacheIntegrationTests.swift */,
			);
			path = EssentialFeedCacheIntegrationTests;
			sourceTree = "<group>";
		};
/* End PBXGroup section */

/* Begin PBXHeadersBuildPhase section */
		A102818528E478E700E79279 /* Headers */ = {
			isa = PBXHeadersBuildPhase;
			buildActionMask = 2147483647;
			files = (
				A102819928E478E700E79279 /* Feed_Case_Study.h in Headers */,
			);
			runOnlyForDeploymentPostprocessing = 0;
		};
		A10B16E228FA970700B27785 /* Headers */ = {
			isa = PBXHeadersBuildPhase;
			buildActionMask = 2147483647;
			files = (
			);
			runOnlyForDeploymentPostprocessing = 0;
		};
/* End PBXHeadersBuildPhase section */

/* Begin PBXNativeTarget section */
		A102818928E478E700E79279 /* FeedCaseStudy */ = {
			isa = PBXNativeTarget;
			buildConfigurationList = A102819C28E478E700E79279 /* Build configuration list for PBXNativeTarget "FeedCaseStudy" */;
			buildPhases = (
				A102818528E478E700E79279 /* Headers */,
				A102818628E478E700E79279 /* Sources */,
				A102818728E478E700E79279 /* Frameworks */,
				A102818828E478E700E79279 /* Resources */,
			);
			buildRules = (
			);
			dependencies = (
			);
			name = FeedCaseStudy;
			productName = "Feed Case Study";
			productReference = A102818A28E478E700E79279 /* FeedCaseStudy.framework */;
			productType = "com.apple.product-type.framework";
		};
		A102819128E478E700E79279 /* FeedCaseStudyTests */ = {
			isa = PBXNativeTarget;
			buildConfigurationList = A102819F28E478E700E79279 /* Build configuration list for PBXNativeTarget "FeedCaseStudyTests" */;
			buildPhases = (
				A102818E28E478E700E79279 /* Sources */,
				A102818F28E478E700E79279 /* Frameworks */,
				A102819028E478E700E79279 /* Resources */,
			);
			buildRules = (
			);
			dependencies = (
				A102819528E478E700E79279 /* PBXTargetDependency */,
			);
			name = FeedCaseStudyTests;
			productName = "Feed Case StudyTests";
			productReference = A102819228E478E700E79279 /* FeedCaseStudyTests.xctest */;
			productType = "com.apple.product-type.bundle.unit-test";
		};
		A10B16E628FA970700B27785 /* FeedCaseStudyiOS */ = {
			isa = PBXNativeTarget;
			buildConfigurationList = A10B16F628FA970800B27785 /* Build configuration list for PBXNativeTarget "FeedCaseStudyiOS" */;
			buildPhases = (
				A10B16E228FA970700B27785 /* Headers */,
				A10B16E328FA970700B27785 /* Sources */,
				A10B16E428FA970700B27785 /* Frameworks */,
				A10B16E528FA970700B27785 /* Resources */,
				A15E6E3C28FBC4B9007FE3A5 /* Embed Frameworks */,
			);
			buildRules = (
			);
			dependencies = (
				A15E6E3B28FBC4B9007FE3A5 /* PBXTargetDependency */,
			);
			name = FeedCaseStudyiOS;
			productName = FeedCaseStudyiOS;
			productReference = A10B16E728FA970700B27785 /* FeedCaseStudyiOS.framework */;
			productType = "com.apple.product-type.framework";
		};
		A10B16ED28FA970800B27785 /* FeedCaseStudyiOSTests */ = {
			isa = PBXNativeTarget;
			buildConfigurationList = A10B16F928FA970800B27785 /* Build configuration list for PBXNativeTarget "FeedCaseStudyiOSTests" */;
			buildPhases = (
				A10B16EA28FA970800B27785 /* Sources */,
				A10B16EB28FA970800B27785 /* Frameworks */,
				A10B16EC28FA970800B27785 /* Resources */,
			);
			buildRules = (
			);
			dependencies = (
				A10B16F128FA970800B27785 /* PBXTargetDependency */,
			);
			name = FeedCaseStudyiOSTests;
			productName = FeedCaseStudyiOSTests;
			productReference = A10B16EE28FA970800B27785 /* FeedCaseStudyiOSTests.xctest */;
			productType = "com.apple.product-type.bundle.unit-test";
		};
		A1C7447128EDECB800BC4B61 /* EssentialFeedAPIEndToEndTests */ = {
			isa = PBXNativeTarget;
			buildConfigurationList = A1C7447928EDECB800BC4B61 /* Build configuration list for PBXNativeTarget "EssentialFeedAPIEndToEndTests" */;
			buildPhases = (
				A1C7446E28EDECB800BC4B61 /* Sources */,
				A1C7446F28EDECB800BC4B61 /* Frameworks */,
				A1C7447028EDECB800BC4B61 /* Resources */,
			);
			buildRules = (
			);
			dependencies = (
				A1C7447828EDECB800BC4B61 /* PBXTargetDependency */,
			);
			name = EssentialFeedAPIEndToEndTests;
			productName = EssentialFeedAPIEndToEndTests;
			productReference = A1C7447228EDECB800BC4B61 /* EssentialFeedAPIEndToEndTests.xctest */;
			productType = "com.apple.product-type.bundle.unit-test";
		};
		A1F3C81D28F7FA7900C765ED /* EssentialFeedCacheIntegrationTests */ = {
			isa = PBXNativeTarget;
			buildConfigurationList = A1F3C82728F7FA7900C765ED /* Build configuration list for PBXNativeTarget "EssentialFeedCacheIntegrationTests" */;
			buildPhases = (
				A1F3C81A28F7FA7900C765ED /* Sources */,
				A1F3C81B28F7FA7900C765ED /* Frameworks */,
				A1F3C81C28F7FA7900C765ED /* Resources */,
			);
			buildRules = (
			);
			dependencies = (
				A1F3C82428F7FA7900C765ED /* PBXTargetDependency */,
			);
			name = EssentialFeedCacheIntegrationTests;
			productName = EssentialFeedCacheIntegrationTests;
			productReference = A1F3C81E28F7FA7900C765ED /* EssentialFeedCacheIntegrationTests.xctest */;
			productType = "com.apple.product-type.bundle.unit-test";
		};
/* End PBXNativeTarget section */

/* Begin PBXProject section */
		A102818128E478E700E79279 /* Project object */ = {
			isa = PBXProject;
			attributes = {
				BuildIndependentTargetsInParallel = 1;
				LastSwiftUpdateCheck = 1400;
				LastUpgradeCheck = 1400;
				TargetAttributes = {
					A102818928E478E700E79279 = {
						CreatedOnToolsVersion = 14.0;
						LastSwiftMigration = 1400;
					};
					A102819128E478E700E79279 = {
						CreatedOnToolsVersion = 14.0;
					};
					A10B16E628FA970700B27785 = {
						CreatedOnToolsVersion = 14.0.1;
						LastSwiftMigration = 1400;
					};
					A10B16ED28FA970800B27785 = {
						CreatedOnToolsVersion = 14.0.1;
					};
					A1C7447128EDECB800BC4B61 = {
						CreatedOnToolsVersion = 14.0;
					};
					A1F3C81D28F7FA7900C765ED = {
						CreatedOnToolsVersion = 14.0.1;
					};
				};
			};
			buildConfigurationList = A102818428E478E700E79279 /* Build configuration list for PBXProject "FeedCaseStudy" */;
			compatibilityVersion = "Xcode 14.0";
			developmentRegion = en;
			hasScannedForEncodings = 0;
			knownRegions = (
				en,
				Base,
			);
			mainGroup = A102818028E478E700E79279;
			productRefGroup = A102818B28E478E700E79279 /* Products */;
			projectDirPath = "";
			projectRoot = "";
			targets = (
				A102818928E478E700E79279 /* FeedCaseStudy */,
				A102819128E478E700E79279 /* FeedCaseStudyTests */,
				A1C7447128EDECB800BC4B61 /* EssentialFeedAPIEndToEndTests */,
				A1F3C81D28F7FA7900C765ED /* EssentialFeedCacheIntegrationTests */,
				A10B16E628FA970700B27785 /* FeedCaseStudyiOS */,
				A10B16ED28FA970800B27785 /* FeedCaseStudyiOSTests */,
			);
		};
/* End PBXProject section */

/* Begin PBXResourcesBuildPhase section */
		A102818828E478E700E79279 /* Resources */ = {
			isa = PBXResourcesBuildPhase;
			buildActionMask = 2147483647;
			files = (
			);
			runOnlyForDeploymentPostprocessing = 0;
		};
		A102819028E478E700E79279 /* Resources */ = {
			isa = PBXResourcesBuildPhase;
			buildActionMask = 2147483647;
			files = (
			);
			runOnlyForDeploymentPostprocessing = 0;
		};
		A10B16E528FA970700B27785 /* Resources */ = {
			isa = PBXResourcesBuildPhase;
			buildActionMask = 2147483647;
			files = (
				A17B76262914122E009669B0 /* Feed.storyboard in Resources */,
				A17B762829141289009669B0 /* Feed.xcassets in Resources */,
				A1EEE8722914E878008C1AD4 /* Feed.strings in Resources */,
			);
			runOnlyForDeploymentPostprocessing = 0;
		};
		A10B16EC28FA970800B27785 /* Resources */ = {
			isa = PBXResourcesBuildPhase;
			buildActionMask = 2147483647;
			files = (
			);
			runOnlyForDeploymentPostprocessing = 0;
		};
		A1C7447028EDECB800BC4B61 /* Resources */ = {
			isa = PBXResourcesBuildPhase;
			buildActionMask = 2147483647;
			files = (
			);
			runOnlyForDeploymentPostprocessing = 0;
		};
		A1F3C81C28F7FA7900C765ED /* Resources */ = {
			isa = PBXResourcesBuildPhase;
			buildActionMask = 2147483647;
			files = (
			);
			runOnlyForDeploymentPostprocessing = 0;
		};
/* End PBXResourcesBuildPhase section */

/* Begin PBXSourcesBuildPhase section */
		A102818628E478E700E79279 /* Sources */ = {
			isa = PBXSourcesBuildPhase;
			buildActionMask = 2147483647;
			files = (
				A1B7815E28F721F80060195B /* CoreDataHelper.swift in Sources */,
				A10281A528E47A7F00E79279 /* FeedLoader.swift in Sources */,
				A15E926828EB21E000FC9C48 /* FeedItemMapper.swift in Sources */,
				A17A35FD28F0799000E3483A /* RemoteFeedItem.swift in Sources */,
				A125891E28F33009004F2B6B /* FeedCachePolicy.swift in Sources */,
				A10281AA28E499A300E79279 /* RemoteFeedLoader.swift in Sources */,
				A1B63CF428F6B34500DCE3E5 /* FeedStore.xcdatamodeld in Sources */,
				A17A35FF28F07A3000E3483A /* LocalFeedImage.swift in Sources */,
				A17A35FB28F0578400E3483A /* FeedStore.swift in Sources */,
				A17A35F928F0570700E3483A /* LocalFeedLoader.swift in Sources */,
				A15E926628EB21BB00FC9C48 /* HTTPClient.swift in Sources */,
				A10281A328E479FC00E79279 /* FeedImage.swift in Sources */,
				A1C7446D28EDE55500BC4B61 /* URLSessionHTTPClient.swift in Sources */,
				A1B7816028F7223A0060195B /* ManagedCache.swift in Sources */,
				A1B63CF128F6B2F100DCE3E5 /* CoreDataFeedStore.swift in Sources */,
				A1B7816228F7226F0060195B /* ManagedFeedImage.swift in Sources */,
			);
			runOnlyForDeploymentPostprocessing = 0;
		};
		A102818E28E478E700E79279 /* Sources */ = {
			isa = PBXSourcesBuildPhase;
			buildActionMask = 2147483647;
			files = (
				A125891928F2B754004F2B6B /* FeedCacheTestHelpers.swift in Sources */,
				A125891728F2B28C004F2B6B /* ValidateFeedCacheUseCaseTests.swift in Sources */,
				A10281A828E48EC100E79279 /* LoadFeedFromRemoteUseCaseTests.swift in Sources */,
				A1B63CE928F68A3100DCE3E5 /* XCTestCase+FailableInsertFeedStoreSpecs.swift in Sources */,
				A1BAC0BE28EC7436006AEB16 /* URLSessionHTTPClientTests.swift in Sources */,
				A125891428F1CC46004F2B6B /* FeedStoreSpy.swift in Sources */,
				A125891B28F2B86E004F2B6B /* SharedTestHelpers.swift in Sources */,
				A19FE8A328EFF71B00CE1C63 /* CacheFeedUseCaseTests.swift in Sources */,
				A1B63CEB28F68B4F00DCE3E5 /* XCTestCase+FailableDeleteFeedStoreSpecs.swift in Sources */,
				A1B63CE728F688B800DCE3E5 /* XCTestCase+FailableRetrieveFeedStoreSpecs.swift in Sources */,
				A125891228F1CB8F004F2B6B /* LoadFeedFromCacheUseCaseTests.swift in Sources */,
				A1B63CE328F66DE300DCE3E5 /* FeedStoreSpecs.swift in Sources */,
				A1C7446B28EDBA3500BC4B61 /* XCTestCase+MemoryLeakTracking.swift in Sources */,
				A1B63CEE28F6A60800DCE3E5 /* CoreDataFeedStoreTests.swift in Sources */,
				A1B63CE528F6710500DCE3E5 /* XCTestCase+FeedStoreSpecs.swift in Sources */,
			);
			runOnlyForDeploymentPostprocessing = 0;
		};
		A10B16E328FA970700B27785 /* Sources */ = {
			isa = PBXSourcesBuildPhase;
			buildActionMask = 2147483647;
			files = (
				A17B762029140F72009669B0 /* FeedViewAdapter.swift in Sources */,
				A17B761C29140EEF009669B0 /* FeedImageDataLoaderPresentationAdapter.swift in Sources */,
				A17B761A29140E89009669B0 /* WeakRefVirtualProxy.swift in Sources */,
				A17B762429141164009669B0 /* FeedLoadingViewModel.swift in Sources */,
				A1192C91290837F400A0F7E2 /* FeedPresenter.swift in Sources */,
				A1F5E0F728FEEC7D00A2B398 /* UIView+Shimmering.swift in Sources */,
				A17B76222914113B009669B0 /* FeedViewModel.swift in Sources */,
				A15E6E3E28FBD187007FE3A5 /* FeedViewController.swift in Sources */,
				A17B761829140DF6009669B0 /* MainQueueDispatchDecorator.swift in Sources */,
				A17952A729002B54004CC237 /* FeedImageDataLoader.swift in Sources */,
				A16CCC1528FD2DFB000840E3 /* FeedImageCell.swift in Sources */,
				A17B761E29140F3B009669B0 /* FeedLoaderPresentationAdapter.swift in Sources */,
				A11045A12901B88300BC0587 /* FeedImageViewModel.swift in Sources */,
				A17952AC29003643004CC237 /* FeedImageCellController.swift in Sources */,
				A17952AE29003C3C004CC237 /* FeedUIComposer.swift in Sources */,
				A1EEE8702914E282008C1AD4 /* UIImageView+Animations.swift in Sources */,
				A1EEE86E2914E20B008C1AD4 /* UITableView+Dequeueing.swift in Sources */,
			);
			runOnlyForDeploymentPostprocessing = 0;
		};
		A10B16EA28FA970800B27785 /* Sources */ = {
			isa = PBXSourcesBuildPhase;
			buildActionMask = 2147483647;
			files = (
				A179529D290027A6004CC237 /* FeedViewController+TestHelpers.swift in Sources */,
				A10B16F428FA970800B27785 /* FeedUIIntegrationTests.swift in Sources */,
				A179529829002653004CC237 /* UIControl+TestHelpers.swift in Sources */,
				A1795294290025B6004CC237 /* UIRefreshControl+TestHelpers.swift in Sources */,
				A179529F29002800004CC237 /* FeedImageCell+TestHelpers.swift in Sources */,
				A10B16FC28FBB9DE00B27785 /* XCTestCase+MemoryLeakTracking.swift in Sources */,
				A1F20D6528FE94C000902282 /* SharedTestHelpers.swift in Sources */,
				A17952A129002875004CC237 /* FeedUIIntegrationTests+LoaderSpy.swift in Sources */,
				A179529129002546004CC237 /* UIImage+TestHelpers.swift in Sources */,
				A17952A329002925004CC237 /* FeedUIIntegrationTests+Assertions.swift in Sources */,
				A179529629002610004CC237 /* UIButton+TestHelpers.swift in Sources */,
				A1EEE8742914E99C008C1AD4 /* FeedUIIntegrationTests+Localization.swift in Sources */,
			);
			runOnlyForDeploymentPostprocessing = 0;
		};
		A1C7446E28EDECB800BC4B61 /* Sources */ = {
			isa = PBXSourcesBuildPhase;
			buildActionMask = 2147483647;
			files = (
				A1C7447528EDECB800BC4B61 /* EssentialFeedAPIEndToEndTests.swift in Sources */,
				A1E5322628EE6FC300AEB0C3 /* XCTestCase+MemoryLeakTracking.swift in Sources */,
			);
			runOnlyForDeploymentPostprocessing = 0;
		};
		A1F3C81A28F7FA7900C765ED /* Sources */ = {
			isa = PBXSourcesBuildPhase;
			buildActionMask = 2147483647;
			files = (
				A1F3C82A28F7FE3F00C765ED /* FeedCacheTestHelpers.swift in Sources */,
				A1F3C82128F7FA7900C765ED /* EssentialFeedCacheIntegrationTests.swift in Sources */,
				A1F3C82828F7FBA100C765ED /* XCTestCase+MemoryLeakTracking.swift in Sources */,
				A1F3C82928F7FE3B00C765ED /* SharedTestHelpers.swift in Sources */,
			);
			runOnlyForDeploymentPostprocessing = 0;
		};
/* End PBXSourcesBuildPhase section */

/* Begin PBXTargetDependency section */
		A102819528E478E700E79279 /* PBXTargetDependency */ = {
			isa = PBXTargetDependency;
			target = A102818928E478E700E79279 /* FeedCaseStudy */;
			targetProxy = A102819428E478E700E79279 /* PBXContainerItemProxy */;
		};
		A10B16F128FA970800B27785 /* PBXTargetDependency */ = {
			isa = PBXTargetDependency;
			target = A10B16E628FA970700B27785 /* FeedCaseStudyiOS */;
			targetProxy = A10B16F028FA970800B27785 /* PBXContainerItemProxy */;
		};
		A15E6E3B28FBC4B9007FE3A5 /* PBXTargetDependency */ = {
			isa = PBXTargetDependency;
			platformFilter = ios;
			target = A102818928E478E700E79279 /* FeedCaseStudy */;
			targetProxy = A15E6E3A28FBC4B9007FE3A5 /* PBXContainerItemProxy */;
		};
		A1C7447828EDECB800BC4B61 /* PBXTargetDependency */ = {
			isa = PBXTargetDependency;
			target = A102818928E478E700E79279 /* FeedCaseStudy */;
			targetProxy = A1C7447728EDECB800BC4B61 /* PBXContainerItemProxy */;
		};
		A1F3C82428F7FA7900C765ED /* PBXTargetDependency */ = {
			isa = PBXTargetDependency;
			target = A102818928E478E700E79279 /* FeedCaseStudy */;
			targetProxy = A1F3C82328F7FA7900C765ED /* PBXContainerItemProxy */;
		};
/* End PBXTargetDependency section */

/* Begin XCBuildConfiguration section */
		A102819A28E478E700E79279 /* Debug */ = {
			isa = XCBuildConfiguration;
			buildSettings = {
				ALWAYS_SEARCH_USER_PATHS = NO;
				CLANG_ANALYZER_NONNULL = YES;
				CLANG_ANALYZER_NUMBER_OBJECT_CONVERSION = YES_AGGRESSIVE;
				CLANG_CXX_LANGUAGE_STANDARD = "gnu++20";
				CLANG_ENABLE_MODULES = YES;
				CLANG_ENABLE_OBJC_ARC = YES;
				CLANG_ENABLE_OBJC_WEAK = YES;
				CLANG_WARN_BLOCK_CAPTURE_AUTORELEASING = YES;
				CLANG_WARN_BOOL_CONVERSION = YES;
				CLANG_WARN_COMMA = YES;
				CLANG_WARN_CONSTANT_CONVERSION = YES;
				CLANG_WARN_DEPRECATED_OBJC_IMPLEMENTATIONS = YES;
				CLANG_WARN_DIRECT_OBJC_ISA_USAGE = YES_ERROR;
				CLANG_WARN_DOCUMENTATION_COMMENTS = YES;
				CLANG_WARN_EMPTY_BODY = YES;
				CLANG_WARN_ENUM_CONVERSION = YES;
				CLANG_WARN_INFINITE_RECURSION = YES;
				CLANG_WARN_INT_CONVERSION = YES;
				CLANG_WARN_NON_LITERAL_NULL_CONVERSION = YES;
				CLANG_WARN_OBJC_IMPLICIT_RETAIN_SELF = YES;
				CLANG_WARN_OBJC_LITERAL_CONVERSION = YES;
				CLANG_WARN_OBJC_ROOT_CLASS = YES_ERROR;
				CLANG_WARN_QUOTED_INCLUDE_IN_FRAMEWORK_HEADER = YES;
				CLANG_WARN_RANGE_LOOP_ANALYSIS = YES;
				CLANG_WARN_STRICT_PROTOTYPES = YES;
				CLANG_WARN_SUSPICIOUS_MOVE = YES;
				CLANG_WARN_UNGUARDED_AVAILABILITY = YES_AGGRESSIVE;
				CLANG_WARN_UNREACHABLE_CODE = YES;
				CLANG_WARN__DUPLICATE_METHOD_MATCH = YES;
				COPY_PHASE_STRIP = NO;
				CURRENT_PROJECT_VERSION = 1;
				DEBUG_INFORMATION_FORMAT = dwarf;
				ENABLE_STRICT_OBJC_MSGSEND = YES;
				ENABLE_TESTABILITY = YES;
				GCC_C_LANGUAGE_STANDARD = gnu11;
				GCC_DYNAMIC_NO_PIC = NO;
				GCC_NO_COMMON_BLOCKS = YES;
				GCC_OPTIMIZATION_LEVEL = 0;
				GCC_PREPROCESSOR_DEFINITIONS = (
					"DEBUG=1",
					"$(inherited)",
				);
				GCC_WARN_64_TO_32_BIT_CONVERSION = YES;
				GCC_WARN_ABOUT_RETURN_TYPE = YES_ERROR;
				GCC_WARN_UNDECLARED_SELECTOR = YES;
				GCC_WARN_UNINITIALIZED_AUTOS = YES_AGGRESSIVE;
				GCC_WARN_UNUSED_FUNCTION = YES;
				GCC_WARN_UNUSED_VARIABLE = YES;
				MACOSX_DEPLOYMENT_TARGET = 12.0;
				MTL_ENABLE_DEBUG_INFO = INCLUDE_SOURCE;
				MTL_FAST_MATH = YES;
				ONLY_ACTIVE_ARCH = YES;
				SDKROOT = macosx;
				SWIFT_ACTIVE_COMPILATION_CONDITIONS = DEBUG;
				SWIFT_OPTIMIZATION_LEVEL = "-Onone";
				VERSIONING_SYSTEM = "apple-generic";
				VERSION_INFO_PREFIX = "";
			};
			name = Debug;
		};
		A102819B28E478E700E79279 /* Release */ = {
			isa = XCBuildConfiguration;
			buildSettings = {
				ALWAYS_SEARCH_USER_PATHS = NO;
				CLANG_ANALYZER_NONNULL = YES;
				CLANG_ANALYZER_NUMBER_OBJECT_CONVERSION = YES_AGGRESSIVE;
				CLANG_CXX_LANGUAGE_STANDARD = "gnu++20";
				CLANG_ENABLE_MODULES = YES;
				CLANG_ENABLE_OBJC_ARC = YES;
				CLANG_ENABLE_OBJC_WEAK = YES;
				CLANG_WARN_BLOCK_CAPTURE_AUTORELEASING = YES;
				CLANG_WARN_BOOL_CONVERSION = YES;
				CLANG_WARN_COMMA = YES;
				CLANG_WARN_CONSTANT_CONVERSION = YES;
				CLANG_WARN_DEPRECATED_OBJC_IMPLEMENTATIONS = YES;
				CLANG_WARN_DIRECT_OBJC_ISA_USAGE = YES_ERROR;
				CLANG_WARN_DOCUMENTATION_COMMENTS = YES;
				CLANG_WARN_EMPTY_BODY = YES;
				CLANG_WARN_ENUM_CONVERSION = YES;
				CLANG_WARN_INFINITE_RECURSION = YES;
				CLANG_WARN_INT_CONVERSION = YES;
				CLANG_WARN_NON_LITERAL_NULL_CONVERSION = YES;
				CLANG_WARN_OBJC_IMPLICIT_RETAIN_SELF = YES;
				CLANG_WARN_OBJC_LITERAL_CONVERSION = YES;
				CLANG_WARN_OBJC_ROOT_CLASS = YES_ERROR;
				CLANG_WARN_QUOTED_INCLUDE_IN_FRAMEWORK_HEADER = YES;
				CLANG_WARN_RANGE_LOOP_ANALYSIS = YES;
				CLANG_WARN_STRICT_PROTOTYPES = YES;
				CLANG_WARN_SUSPICIOUS_MOVE = YES;
				CLANG_WARN_UNGUARDED_AVAILABILITY = YES_AGGRESSIVE;
				CLANG_WARN_UNREACHABLE_CODE = YES;
				CLANG_WARN__DUPLICATE_METHOD_MATCH = YES;
				COPY_PHASE_STRIP = NO;
				CURRENT_PROJECT_VERSION = 1;
				DEBUG_INFORMATION_FORMAT = "dwarf-with-dsym";
				ENABLE_NS_ASSERTIONS = NO;
				ENABLE_STRICT_OBJC_MSGSEND = YES;
				GCC_C_LANGUAGE_STANDARD = gnu11;
				GCC_NO_COMMON_BLOCKS = YES;
				GCC_WARN_64_TO_32_BIT_CONVERSION = YES;
				GCC_WARN_ABOUT_RETURN_TYPE = YES_ERROR;
				GCC_WARN_UNDECLARED_SELECTOR = YES;
				GCC_WARN_UNINITIALIZED_AUTOS = YES_AGGRESSIVE;
				GCC_WARN_UNUSED_FUNCTION = YES;
				GCC_WARN_UNUSED_VARIABLE = YES;
				MACOSX_DEPLOYMENT_TARGET = 12.0;
				MTL_ENABLE_DEBUG_INFO = NO;
				MTL_FAST_MATH = YES;
				SDKROOT = macosx;
				SWIFT_COMPILATION_MODE = wholemodule;
				SWIFT_OPTIMIZATION_LEVEL = "-O";
				VERSIONING_SYSTEM = "apple-generic";
				VERSION_INFO_PREFIX = "";
			};
			name = Release;
		};
		A102819D28E478E700E79279 /* Debug */ = {
			isa = XCBuildConfiguration;
			buildSettings = {
				CLANG_ENABLE_MODULES = YES;
				CODE_SIGN_STYLE = Automatic;
				COMBINE_HIDPI_IMAGES = YES;
				CURRENT_PROJECT_VERSION = 1;
				DEFINES_MODULE = YES;
				DEVELOPMENT_TEAM = ZAV73WDZNP;
				DYLIB_COMPATIBILITY_VERSION = 1;
				DYLIB_CURRENT_VERSION = 1;
				DYLIB_INSTALL_NAME_BASE = "@rpath";
				GENERATE_INFOPLIST_FILE = YES;
				INFOPLIST_KEY_NSHumanReadableCopyright = "";
				INSTALL_PATH = "$(LOCAL_LIBRARY_DIR)/Frameworks";
				IPHONEOS_DEPLOYMENT_TARGET = 12.0;
				LD_RUNPATH_SEARCH_PATHS = (
					"$(inherited)",
					"@executable_path/../Frameworks",
					"@loader_path/Frameworks",
				);
				MACOSX_DEPLOYMENT_TARGET = 12.0;
				MARKETING_VERSION = 1.0;
				PRODUCT_BUNDLE_IDENTIFIER = "tw.idv.acstudio.Feed-Case-Study";
				PRODUCT_NAME = "$(TARGET_NAME:c99extidentifier)";
				SKIP_INSTALL = YES;
				SUPPORTED_PLATFORMS = "iphoneos iphonesimulator macosx";
				SUPPORTS_MACCATALYST = NO;
				SUPPORTS_MAC_DESIGNED_FOR_IPHONE_IPAD = NO;
				SWIFT_EMIT_LOC_STRINGS = YES;
				SWIFT_OPTIMIZATION_LEVEL = "-Onone";
				SWIFT_VERSION = 5.0;
				TARGETED_DEVICE_FAMILY = 1;
			};
			name = Debug;
		};
		A102819E28E478E700E79279 /* Release */ = {
			isa = XCBuildConfiguration;
			buildSettings = {
				CLANG_ENABLE_MODULES = YES;
				CODE_SIGN_STYLE = Automatic;
				COMBINE_HIDPI_IMAGES = YES;
				CURRENT_PROJECT_VERSION = 1;
				DEFINES_MODULE = YES;
				DEVELOPMENT_TEAM = ZAV73WDZNP;
				DYLIB_COMPATIBILITY_VERSION = 1;
				DYLIB_CURRENT_VERSION = 1;
				DYLIB_INSTALL_NAME_BASE = "@rpath";
				GENERATE_INFOPLIST_FILE = YES;
				INFOPLIST_KEY_NSHumanReadableCopyright = "";
				INSTALL_PATH = "$(LOCAL_LIBRARY_DIR)/Frameworks";
				IPHONEOS_DEPLOYMENT_TARGET = 12.0;
				LD_RUNPATH_SEARCH_PATHS = (
					"$(inherited)",
					"@executable_path/../Frameworks",
					"@loader_path/Frameworks",
				);
				MACOSX_DEPLOYMENT_TARGET = 12.0;
				MARKETING_VERSION = 1.0;
				PRODUCT_BUNDLE_IDENTIFIER = "tw.idv.acstudio.Feed-Case-Study";
				PRODUCT_NAME = "$(TARGET_NAME:c99extidentifier)";
				SKIP_INSTALL = YES;
				SUPPORTED_PLATFORMS = "iphoneos iphonesimulator macosx";
				SUPPORTS_MACCATALYST = NO;
				SUPPORTS_MAC_DESIGNED_FOR_IPHONE_IPAD = NO;
				SWIFT_EMIT_LOC_STRINGS = YES;
				SWIFT_VERSION = 5.0;
				TARGETED_DEVICE_FAMILY = 1;
			};
			name = Release;
		};
		A10281A028E478E700E79279 /* Debug */ = {
			isa = XCBuildConfiguration;
			buildSettings = {
				ALWAYS_EMBED_SWIFT_STANDARD_LIBRARIES = YES;
				CODE_SIGN_STYLE = Automatic;
				CURRENT_PROJECT_VERSION = 1;
				DEVELOPMENT_TEAM = ZAV73WDZNP;
				GENERATE_INFOPLIST_FILE = YES;
				IPHONEOS_DEPLOYMENT_TARGET = 12.0;
				MARKETING_VERSION = 1.0;
				PRODUCT_BUNDLE_IDENTIFIER = "tw.idv.acstudio.Feed-Case-StudyTests";
				PRODUCT_NAME = "$(TARGET_NAME)";
				SUPPORTED_PLATFORMS = "iphoneos iphonesimulator macosx";
				SUPPORTS_MACCATALYST = NO;
				SUPPORTS_MAC_DESIGNED_FOR_IPHONE_IPAD = NO;
				SWIFT_EMIT_LOC_STRINGS = NO;
				SWIFT_VERSION = 5.0;
				TARGETED_DEVICE_FAMILY = 1;
			};
			name = Debug;
		};
		A10281A128E478E700E79279 /* Release */ = {
			isa = XCBuildConfiguration;
			buildSettings = {
				ALWAYS_EMBED_SWIFT_STANDARD_LIBRARIES = YES;
				CODE_SIGN_STYLE = Automatic;
				CURRENT_PROJECT_VERSION = 1;
				DEVELOPMENT_TEAM = ZAV73WDZNP;
				GENERATE_INFOPLIST_FILE = YES;
				IPHONEOS_DEPLOYMENT_TARGET = 12.0;
				MARKETING_VERSION = 1.0;
				PRODUCT_BUNDLE_IDENTIFIER = "tw.idv.acstudio.Feed-Case-StudyTests";
				PRODUCT_NAME = "$(TARGET_NAME)";
				SUPPORTED_PLATFORMS = "iphoneos iphonesimulator macosx";
				SUPPORTS_MACCATALYST = NO;
				SUPPORTS_MAC_DESIGNED_FOR_IPHONE_IPAD = NO;
				SWIFT_EMIT_LOC_STRINGS = NO;
				SWIFT_VERSION = 5.0;
				TARGETED_DEVICE_FAMILY = 1;
			};
			name = Release;
		};
		A10B16F728FA970800B27785 /* Debug */ = {
			isa = XCBuildConfiguration;
			buildSettings = {
				CLANG_ENABLE_MODULES = YES;
				CODE_SIGN_STYLE = Automatic;
				CURRENT_PROJECT_VERSION = 1;
				DEFINES_MODULE = YES;
				DEVELOPMENT_TEAM = ZAV73WDZNP;
				DYLIB_COMPATIBILITY_VERSION = 1;
				DYLIB_CURRENT_VERSION = 1;
				DYLIB_INSTALL_NAME_BASE = "@rpath";
				GENERATE_INFOPLIST_FILE = YES;
				INFOPLIST_KEY_NSHumanReadableCopyright = "";
				INSTALL_PATH = "$(LOCAL_LIBRARY_DIR)/Frameworks";
				IPHONEOS_DEPLOYMENT_TARGET = 12.0;
				LD_RUNPATH_SEARCH_PATHS = (
					"$(inherited)",
					"@executable_path/Frameworks",
					"@loader_path/Frameworks",
				);
				MARKETING_VERSION = 1.0;
				PRODUCT_BUNDLE_IDENTIFIER = tw.idv.ACStudio.FeedCaseStudyiOS;
				PRODUCT_NAME = "$(TARGET_NAME:c99extidentifier)";
				SDKROOT = iphoneos;
				SKIP_INSTALL = YES;
				SUPPORTED_PLATFORMS = "iphoneos iphonesimulator";
				SUPPORTS_MACCATALYST = NO;
				SUPPORTS_MAC_DESIGNED_FOR_IPHONE_IPAD = NO;
				SWIFT_EMIT_LOC_STRINGS = YES;
				SWIFT_OPTIMIZATION_LEVEL = "-Onone";
				SWIFT_VERSION = 5.0;
				TARGETED_DEVICE_FAMILY = "1,2";
			};
			name = Debug;
		};
		A10B16F828FA970800B27785 /* Release */ = {
			isa = XCBuildConfiguration;
			buildSettings = {
				CLANG_ENABLE_MODULES = YES;
				CODE_SIGN_STYLE = Automatic;
				CURRENT_PROJECT_VERSION = 1;
				DEFINES_MODULE = YES;
				DEVELOPMENT_TEAM = ZAV73WDZNP;
				DYLIB_COMPATIBILITY_VERSION = 1;
				DYLIB_CURRENT_VERSION = 1;
				DYLIB_INSTALL_NAME_BASE = "@rpath";
				GENERATE_INFOPLIST_FILE = YES;
				INFOPLIST_KEY_NSHumanReadableCopyright = "";
				INSTALL_PATH = "$(LOCAL_LIBRARY_DIR)/Frameworks";
				IPHONEOS_DEPLOYMENT_TARGET = 12.0;
				LD_RUNPATH_SEARCH_PATHS = (
					"$(inherited)",
					"@executable_path/Frameworks",
					"@loader_path/Frameworks",
				);
				MARKETING_VERSION = 1.0;
				PRODUCT_BUNDLE_IDENTIFIER = tw.idv.ACStudio.FeedCaseStudyiOS;
				PRODUCT_NAME = "$(TARGET_NAME:c99extidentifier)";
				SDKROOT = iphoneos;
				SKIP_INSTALL = YES;
				SUPPORTED_PLATFORMS = "iphoneos iphonesimulator";
				SUPPORTS_MACCATALYST = NO;
				SUPPORTS_MAC_DESIGNED_FOR_IPHONE_IPAD = NO;
				SWIFT_EMIT_LOC_STRINGS = YES;
				SWIFT_VERSION = 5.0;
				TARGETED_DEVICE_FAMILY = "1,2";
				VALIDATE_PRODUCT = YES;
			};
			name = Release;
		};
		A10B16FA28FA970800B27785 /* Debug */ = {
			isa = XCBuildConfiguration;
			buildSettings = {
				ALWAYS_EMBED_SWIFT_STANDARD_LIBRARIES = YES;
				CODE_SIGN_STYLE = Automatic;
				CURRENT_PROJECT_VERSION = 1;
				DEVELOPMENT_TEAM = ZAV73WDZNP;
				GENERATE_INFOPLIST_FILE = YES;
				IPHONEOS_DEPLOYMENT_TARGET = 12.0;
				MARKETING_VERSION = 1.0;
				PRODUCT_BUNDLE_IDENTIFIER = tw.idv.ACStudio.FeedCaseStudyiOSTests;
				PRODUCT_NAME = "$(TARGET_NAME)";
				SDKROOT = iphoneos;
				SWIFT_EMIT_LOC_STRINGS = NO;
				SWIFT_VERSION = 5.0;
				TARGETED_DEVICE_FAMILY = "1,2";
			};
			name = Debug;
		};
		A10B16FB28FA970800B27785 /* Release */ = {
			isa = XCBuildConfiguration;
			buildSettings = {
				ALWAYS_EMBED_SWIFT_STANDARD_LIBRARIES = YES;
				CODE_SIGN_STYLE = Automatic;
				CURRENT_PROJECT_VERSION = 1;
				DEVELOPMENT_TEAM = ZAV73WDZNP;
				GENERATE_INFOPLIST_FILE = YES;
				IPHONEOS_DEPLOYMENT_TARGET = 12.0;
				MARKETING_VERSION = 1.0;
				PRODUCT_BUNDLE_IDENTIFIER = tw.idv.ACStudio.FeedCaseStudyiOSTests;
				PRODUCT_NAME = "$(TARGET_NAME)";
				SDKROOT = iphoneos;
				SWIFT_EMIT_LOC_STRINGS = NO;
				SWIFT_VERSION = 5.0;
				TARGETED_DEVICE_FAMILY = "1,2";
				VALIDATE_PRODUCT = YES;
			};
			name = Release;
		};
		A1C7447A28EDECB800BC4B61 /* Debug */ = {
			isa = XCBuildConfiguration;
			buildSettings = {
				CODE_SIGN_STYLE = Automatic;
				CURRENT_PROJECT_VERSION = 1;
				DEVELOPMENT_TEAM = ZAV73WDZNP;
				GENERATE_INFOPLIST_FILE = YES;
				IPHONEOS_DEPLOYMENT_TARGET = 12.0;
				MACOSX_DEPLOYMENT_TARGET = 12.0;
				MARKETING_VERSION = 1.0;
				PRODUCT_BUNDLE_IDENTIFIER = tw.idv.ACStudio.EssentialFeedAPIEndToEndTests;
				PRODUCT_NAME = "$(TARGET_NAME)";
				SUPPORTED_PLATFORMS = "iphoneos iphonesimulator macosx";
				SUPPORTS_MACCATALYST = NO;
				SUPPORTS_MAC_DESIGNED_FOR_IPHONE_IPAD = NO;
				SWIFT_EMIT_LOC_STRINGS = NO;
				SWIFT_VERSION = 5.0;
				TARGETED_DEVICE_FAMILY = 1;
			};
			name = Debug;
		};
		A1C7447B28EDECB800BC4B61 /* Release */ = {
			isa = XCBuildConfiguration;
			buildSettings = {
				CODE_SIGN_STYLE = Automatic;
				CURRENT_PROJECT_VERSION = 1;
				DEVELOPMENT_TEAM = ZAV73WDZNP;
				GENERATE_INFOPLIST_FILE = YES;
				IPHONEOS_DEPLOYMENT_TARGET = 12.0;
				MACOSX_DEPLOYMENT_TARGET = 12.0;
				MARKETING_VERSION = 1.0;
				PRODUCT_BUNDLE_IDENTIFIER = tw.idv.ACStudio.EssentialFeedAPIEndToEndTests;
				PRODUCT_NAME = "$(TARGET_NAME)";
				SUPPORTED_PLATFORMS = "iphoneos iphonesimulator macosx";
				SUPPORTS_MACCATALYST = NO;
				SUPPORTS_MAC_DESIGNED_FOR_IPHONE_IPAD = NO;
				SWIFT_EMIT_LOC_STRINGS = NO;
				SWIFT_VERSION = 5.0;
				TARGETED_DEVICE_FAMILY = 1;
			};
			name = Release;
		};
		A1F3C82528F7FA7900C765ED /* Debug */ = {
			isa = XCBuildConfiguration;
			buildSettings = {
				CODE_SIGN_STYLE = Automatic;
				CURRENT_PROJECT_VERSION = 1;
				DEVELOPMENT_TEAM = ZAV73WDZNP;
				GENERATE_INFOPLIST_FILE = YES;
				IPHONEOS_DEPLOYMENT_TARGET = 12.0;
				MACOSX_DEPLOYMENT_TARGET = 12.0;
				MARKETING_VERSION = 1.0;
				PRODUCT_BUNDLE_IDENTIFIER = tw.idv.ACStudio.EssentialFeedCacheIntegrationTests;
				PRODUCT_NAME = "$(TARGET_NAME)";
				SUPPORTED_PLATFORMS = "iphoneos iphonesimulator macosx";
				SUPPORTS_MACCATALYST = NO;
				SUPPORTS_MAC_DESIGNED_FOR_IPHONE_IPAD = NO;
				SWIFT_EMIT_LOC_STRINGS = NO;
				SWIFT_VERSION = 5.0;
				TARGETED_DEVICE_FAMILY = 1;
			};
			name = Debug;
		};
		A1F3C82628F7FA7900C765ED /* Release */ = {
			isa = XCBuildConfiguration;
			buildSettings = {
				CODE_SIGN_STYLE = Automatic;
				CURRENT_PROJECT_VERSION = 1;
				DEVELOPMENT_TEAM = ZAV73WDZNP;
				GENERATE_INFOPLIST_FILE = YES;
				IPHONEOS_DEPLOYMENT_TARGET = 12.0;
				MACOSX_DEPLOYMENT_TARGET = 12.0;
				MARKETING_VERSION = 1.0;
				PRODUCT_BUNDLE_IDENTIFIER = tw.idv.ACStudio.EssentialFeedCacheIntegrationTests;
				PRODUCT_NAME = "$(TARGET_NAME)";
				SUPPORTED_PLATFORMS = "iphoneos iphonesimulator macosx";
				SUPPORTS_MACCATALYST = NO;
				SUPPORTS_MAC_DESIGNED_FOR_IPHONE_IPAD = NO;
				SWIFT_EMIT_LOC_STRINGS = NO;
				SWIFT_VERSION = 5.0;
				TARGETED_DEVICE_FAMILY = 1;
			};
			name = Release;
		};
/* End XCBuildConfiguration section */

/* Begin XCConfigurationList section */
		A102818428E478E700E79279 /* Build configuration list for PBXProject "FeedCaseStudy" */ = {
			isa = XCConfigurationList;
			buildConfigurations = (
				A102819A28E478E700E79279 /* Debug */,
				A102819B28E478E700E79279 /* Release */,
			);
			defaultConfigurationIsVisible = 0;
			defaultConfigurationName = Release;
		};
		A102819C28E478E700E79279 /* Build configuration list for PBXNativeTarget "FeedCaseStudy" */ = {
			isa = XCConfigurationList;
			buildConfigurations = (
				A102819D28E478E700E79279 /* Debug */,
				A102819E28E478E700E79279 /* Release */,
			);
			defaultConfigurationIsVisible = 0;
			defaultConfigurationName = Release;
		};
		A102819F28E478E700E79279 /* Build configuration list for PBXNativeTarget "FeedCaseStudyTests" */ = {
			isa = XCConfigurationList;
			buildConfigurations = (
				A10281A028E478E700E79279 /* Debug */,
				A10281A128E478E700E79279 /* Release */,
			);
			defaultConfigurationIsVisible = 0;
			defaultConfigurationName = Release;
		};
		A10B16F628FA970800B27785 /* Build configuration list for PBXNativeTarget "FeedCaseStudyiOS" */ = {
			isa = XCConfigurationList;
			buildConfigurations = (
				A10B16F728FA970800B27785 /* Debug */,
				A10B16F828FA970800B27785 /* Release */,
			);
			defaultConfigurationIsVisible = 0;
			defaultConfigurationName = Release;
		};
		A10B16F928FA970800B27785 /* Build configuration list for PBXNativeTarget "FeedCaseStudyiOSTests" */ = {
			isa = XCConfigurationList;
			buildConfigurations = (
				A10B16FA28FA970800B27785 /* Debug */,
				A10B16FB28FA970800B27785 /* Release */,
			);
			defaultConfigurationIsVisible = 0;
			defaultConfigurationName = Release;
		};
		A1C7447928EDECB800BC4B61 /* Build configuration list for PBXNativeTarget "EssentialFeedAPIEndToEndTests" */ = {
			isa = XCConfigurationList;
			buildConfigurations = (
				A1C7447A28EDECB800BC4B61 /* Debug */,
				A1C7447B28EDECB800BC4B61 /* Release */,
			);
			defaultConfigurationIsVisible = 0;
			defaultConfigurationName = Release;
		};
		A1F3C82728F7FA7900C765ED /* Build configuration list for PBXNativeTarget "EssentialFeedCacheIntegrationTests" */ = {
			isa = XCConfigurationList;
			buildConfigurations = (
				A1F3C82528F7FA7900C765ED /* Debug */,
				A1F3C82628F7FA7900C765ED /* Release */,
			);
			defaultConfigurationIsVisible = 0;
			defaultConfigurationName = Release;
		};
/* End XCConfigurationList section */

/* Begin XCVersionGroup section */
		A1B63CF228F6B34500DCE3E5 /* FeedStore.xcdatamodeld */ = {
			isa = XCVersionGroup;
			children = (
				A1B63CF328F6B34500DCE3E5 /* FeedStore.xcdatamodel */,
			);
			currentVersion = A1B63CF328F6B34500DCE3E5 /* FeedStore.xcdatamodel */;
			path = FeedStore.xcdatamodeld;
			sourceTree = "<group>";
			versionGroupType = wrapper.xcdatamodel;
		};
/* End XCVersionGroup section */
	};
	rootObject = A102818128E478E700E79279 /* Project object */;
}
